
Microsoft Visual Studio Solution File, Format Version 12.00
# Visual Studio Version 17
VisualStudioVersion = 17.8.34330.188
MinimumVisualStudioVersion = 10.0.40219.1
Project("{FAE04EC0-301F-11D3-BF4B-00C04F79EFBC}") = "proyecto", "proyecto.csproj", "{AFCA7796-D8F0-4112-A873-258D540AC60F}"
EndProject
Global
	GlobalSection(SolutionConfigurationPlatforms) = preSolution
		Debug|Any CPU = Debug|Any CPU
		Release|Any CPU = Release|Any CPU
	EndGlobalSection
	GlobalSection(ProjectConfigurationPlatforms) = postSolution
		{AFCA7796-D8F0-4112-A873-258D540AC60F}.Debug|Any CPU.ActiveCfg = Debug|Any CPU
		{AFCA7796-D8F0-4112-A873-258D540AC60F}.Debug|Any CPU.Build.0 = Debug|Any CPU
		{AFCA7796-D8F0-4112-A873-258D540AC60F}.Debug|Any CPU.Deploy.0 = Debug|Any CPU
		{AFCA7796-D8F0-4112-A873-258D540AC60F}.Release|Any CPU.ActiveCfg = Release|Any CPU
		{AFCA7796-D8F0-4112-A873-258D540AC60F}.Release|Any CPU.Build.0 = Release|Any CPU
		{AFCA7796-D8F0-4112-A873-258D540AC60F}.Release|Any CPU.Deploy.0 = Release|Any CPU
	EndGlobalSection
	GlobalSection(SolutionProperties) = preSolution
		HideSolutionNode = FALSE
	EndGlobalSection
	GlobalSection(ExtensibilityGlobals) = postSolution
		SolutionGuid = {DADA5506-6C27-4EF2-9836-AA9F56C0652C}
	EndGlobalSection
EndGlobal
